
Microsoft Visual Studio Solution File, Format Version 12.00
# Visual Studio Version 16
VisualStudioVersion = 16.0.31313.79
MinimumVisualStudioVersion = 10.0.40219.1
Project("{FAE04EC0-301F-11D3-BF4B-00C04F79EFBC}") = "projeto.api", "projeto.api\projeto.api.csproj", "{2EF4349D-66A1-4CFD-A82E-1BD825B49D2E}"
EndProject
Project("{2150E333-8FDC-42A3-9474-1A3956D46DE8}") = "Solution Items", "Solution Items", "{12550937-511C-4037-B2DB-22DCECEFC446}"
	ProjectSection(SolutionItems) = preProject
		.editorconfig = .editorconfig
	EndProjectSection
EndProject
Global
	GlobalSection(SolutionConfigurationPlatforms) = preSolution
		Debug|Any CPU = Debug|Any CPU
		Release|Any CPU = Release|Any CPU
	EndGlobalSection
	GlobalSection(ProjectConfigurationPlatforms) = postSolution
		{2EF4349D-66A1-4CFD-A82E-1BD825B49D2E}.Debug|Any CPU.ActiveCfg = Debug|Any CPU
		{2EF4349D-66A1-4CFD-A82E-1BD825B49D2E}.Debug|Any CPU.Build.0 = Debug|Any CPU
		{2EF4349D-66A1-4CFD-A82E-1BD825B49D2E}.Release|Any CPU.ActiveCfg = Release|Any CPU
		{2EF4349D-66A1-4CFD-A82E-1BD825B49D2E}.Release|Any CPU.Build.0 = Release|Any CPU
	EndGlobalSection
	GlobalSection(SolutionProperties) = preSolution
		HideSolutionNode = FALSE
	EndGlobalSection
	GlobalSection(ExtensibilityGlobals) = postSolution
		SolutionGuid = {0BAF174F-08AD-4FCA-88B4-2D8CEFEE4FE3}
	EndGlobalSection
EndGlobal
